
Microsoft Visual Studio Solution File, Format Version 12.00
# Visual Studio Version 17
VisualStudioVersion = 17.8.34330.188
MinimumVisualStudioVersion = 10.0.40219.1
Project("{FAE04EC0-301F-11D3-BF4B-00C04F79EFBC}") = "Variables", "Variables.csproj", "{16590F11-4879-4A59-91C9-978251DDF254}"
EndProject
Global
	GlobalSection(SolutionConfigurationPlatforms) = preSolution
		Debug|Any CPU = Debug|Any CPU
		Release|Any CPU = Release|Any CPU
	EndGlobalSection
	GlobalSection(ProjectConfigurationPlatforms) = postSolution
		{16590F11-4879-4A59-91C9-978251DDF254}.Debug|Any CPU.ActiveCfg = Debug|Any CPU
		{16590F11-4879-4A59-91C9-978251DDF254}.Debug|Any CPU.Build.0 = Debug|Any CPU
		{16590F11-4879-4A59-91C9-978251DDF254}.Release|Any CPU.ActiveCfg = Release|Any CPU
		{16590F11-4879-4A59-91C9-978251DDF254}.Release|Any CPU.Build.0 = Release|Any CPU
	EndGlobalSection
	GlobalSection(SolutionProperties) = preSolution
		HideSolutionNode = FALSE
	EndGlobalSection
	GlobalSection(ExtensibilityGlobals) = postSolution
		SolutionGuid = {F1F721B6-4EB6-4884-B6E2-4CC7D1E38CC6}
	EndGlobalSection
EndGlobal
