
Microsoft Visual Studio Solution File, Format Version 12.00
# Visual Studio Version 17
VisualStudioVersion = 17.8.34330.188
MinimumVisualStudioVersion = 10.0.40219.1
Project("{FAE04EC0-301F-11D3-BF4B-00C04F79EFBC}") = "Hello World", "Hello World.csproj", "{3C685450-4C1F-42B6-ACB5-A1CB5CDC1D22}"
EndProject
Global
	GlobalSection(SolutionConfigurationPlatforms) = preSolution
		Debug|Any CPU = Debug|Any CPU
		Release|Any CPU = Release|Any CPU
	EndGlobalSection
	GlobalSection(ProjectConfigurationPlatforms) = postSolution
		{3C685450-4C1F-42B6-ACB5-A1CB5CDC1D22}.Debug|Any CPU.ActiveCfg = Debug|Any CPU
		{3C685450-4C1F-42B6-ACB5-A1CB5CDC1D22}.Debug|Any CPU.Build.0 = Debug|Any CPU
		{3C685450-4C1F-42B6-ACB5-A1CB5CDC1D22}.Release|Any CPU.ActiveCfg = Release|Any CPU
		{3C685450-4C1F-42B6-ACB5-A1CB5CDC1D22}.Release|Any CPU.Build.0 = Release|Any CPU
	EndGlobalSection
	GlobalSection(SolutionProperties) = preSolution
		HideSolutionNode = FALSE
	EndGlobalSection
	GlobalSection(ExtensibilityGlobals) = postSolution
		SolutionGuid = {49C4848D-CE94-4E27-AE36-C26E9CDEF89C}
	EndGlobalSection
EndGlobal
